
Microsoft Visual Studio Solution File, Format Version 12.00
# Visual Studio 15
Project("{FAE04EC0-301F-11D3-BF4B-00C04F79EFBC}") = "Assembly-CSharp", "Assembly-CSharp.csproj", "{4B9EDF13-201A-6B5E-9BFF-63CACB2D8620}"
EndProject
Project("{FAE04EC0-301F-11D3-BF4B-00C04F79EFBC}") = "Oculus.VR", "Oculus.VR.csproj", "{53B0170E-0DBE-D1FB-4786-1059D396F933}"
EndProject
Project("{FAE04EC0-301F-11D3-BF4B-00C04F79EFBC}") = "Assembly-CSharp-Editor", "Assembly-CSharp-Editor.csproj", "{22158FAF-D6A1-388E-DB7B-F3E65C57DF3E}"
EndProject
Project("{FAE04EC0-301F-11D3-BF4B-00C04F79EFBC}") = "Oculus.VR.Scripts.Editor", "Oculus.VR.Scripts.Editor.csproj", "{0B886E8C-1740-5BC7-4A17-3926EB64D9BA}"
EndProject
Project("{FAE04EC0-301F-11D3-BF4B-00C04F79EFBC}") = "Oculus.VR.Editor", "Oculus.VR.Editor.csproj", "{53E609B7-8D78-42BA-92DA-FFB60A6BB37A}"
EndProject
Global
	GlobalSection(SolutionConfigurationPlatforms) = preSolution
		Debug|Any CPU = Debug|Any CPU
		Release|Any CPU = Release|Any CPU
	EndGlobalSection
	GlobalSection(ProjectConfigurationPlatforms) = postSolution
		{4B9EDF13-201A-6B5E-9BFF-63CACB2D8620}.Debug|Any CPU.ActiveCfg = Debug|Any CPU
		{4B9EDF13-201A-6B5E-9BFF-63CACB2D8620}.Debug|Any CPU.Build.0 = Debug|Any CPU
		{4B9EDF13-201A-6B5E-9BFF-63CACB2D8620}.Release|Any CPU.ActiveCfg = Release|Any CPU
		{4B9EDF13-201A-6B5E-9BFF-63CACB2D8620}.Release|Any CPU.Build.0 = Release|Any CPU
		{53B0170E-0DBE-D1FB-4786-1059D396F933}.Debug|Any CPU.ActiveCfg = Debug|Any CPU
		{53B0170E-0DBE-D1FB-4786-1059D396F933}.Debug|Any CPU.Build.0 = Debug|Any CPU
		{53B0170E-0DBE-D1FB-4786-1059D396F933}.Release|Any CPU.ActiveCfg = Release|Any CPU
		{53B0170E-0DBE-D1FB-4786-1059D396F933}.Release|Any CPU.Build.0 = Release|Any CPU
		{22158FAF-D6A1-388E-DB7B-F3E65C57DF3E}.Debug|Any CPU.ActiveCfg = Debug|Any CPU
		{22158FAF-D6A1-388E-DB7B-F3E65C57DF3E}.Debug|Any CPU.Build.0 = Debug|Any CPU
		{22158FAF-D6A1-388E-DB7B-F3E65C57DF3E}.Release|Any CPU.ActiveCfg = Release|Any CPU
		{22158FAF-D6A1-388E-DB7B-F3E65C57DF3E}.Release|Any CPU.Build.0 = Release|Any CPU
		{0B886E8C-1740-5BC7-4A17-3926EB64D9BA}.Debug|Any CPU.ActiveCfg = Debug|Any CPU
		{0B886E8C-1740-5BC7-4A17-3926EB64D9BA}.Debug|Any CPU.Build.0 = Debug|Any CPU
		{0B886E8C-1740-5BC7-4A17-3926EB64D9BA}.Release|Any CPU.ActiveCfg = Release|Any CPU
		{0B886E8C-1740-5BC7-4A17-3926EB64D9BA}.Release|Any CPU.Build.0 = Release|Any CPU
		{53E609B7-8D78-42BA-92DA-FFB60A6BB37A}.Debug|Any CPU.ActiveCfg = Debug|Any CPU
		{53E609B7-8D78-42BA-92DA-FFB60A6BB37A}.Debug|Any CPU.Build.0 = Debug|Any CPU
		{53E609B7-8D78-42BA-92DA-FFB60A6BB37A}.Release|Any CPU.ActiveCfg = Release|Any CPU
		{53E609B7-8D78-42BA-92DA-FFB60A6BB37A}.Release|Any CPU.Build.0 = Release|Any CPU
	EndGlobalSection
	GlobalSection(SolutionProperties) = preSolution
		HideSolutionNode = FALSE
	EndGlobalSection
EndGlobal
